
Microsoft Visual Studio Solution File, Format Version 12.00
# Visual Studio Version 16
VisualStudioVersion = 16.0.31205.134
MinimumVisualStudioVersion = 10.0.40219.1
Project("{FAE04EC0-301F-11D3-BF4B-00C04F79EFBC}") = "Parcial1.Lafitte.Presentismo.Consola", "Parcial1.Lafitte.Presentismo.Consola\Parcial1.Lafitte.Presentismo.Consola.csproj", "{036B5EA9-F873-47A7-9FF9-D4222B68B77C}"
EndProject
Project("{FAE04EC0-301F-11D3-BF4B-00C04F79EFBC}") = "Parcial1.Lafitte.Presentismo.Libreria", "Parcial1.Lafitte.Presentismo.Libreria\Parcial1.Lafitte.Presentismo.Libreria.csproj", "{2A3665F1-1DBD-4A33-93EF-00C581F5AC1D}"
EndProject
Global
	GlobalSection(SolutionConfigurationPlatforms) = preSolution
		Debug|Any CPU = Debug|Any CPU
		Release|Any CPU = Release|Any CPU
	EndGlobalSection
	GlobalSection(ProjectConfigurationPlatforms) = postSolution
		{036B5EA9-F873-47A7-9FF9-D4222B68B77C}.Debug|Any CPU.ActiveCfg = Debug|Any CPU
		{036B5EA9-F873-47A7-9FF9-D4222B68B77C}.Debug|Any CPU.Build.0 = Debug|Any CPU
		{036B5EA9-F873-47A7-9FF9-D4222B68B77C}.Release|Any CPU.ActiveCfg = Release|Any CPU
		{036B5EA9-F873-47A7-9FF9-D4222B68B77C}.Release|Any CPU.Build.0 = Release|Any CPU
		{2A3665F1-1DBD-4A33-93EF-00C581F5AC1D}.Debug|Any CPU.ActiveCfg = Debug|Any CPU
		{2A3665F1-1DBD-4A33-93EF-00C581F5AC1D}.Debug|Any CPU.Build.0 = Debug|Any CPU
		{2A3665F1-1DBD-4A33-93EF-00C581F5AC1D}.Release|Any CPU.ActiveCfg = Release|Any CPU
		{2A3665F1-1DBD-4A33-93EF-00C581F5AC1D}.Release|Any CPU.Build.0 = Release|Any CPU
	EndGlobalSection
	GlobalSection(SolutionProperties) = preSolution
		HideSolutionNode = FALSE
	EndGlobalSection
	GlobalSection(ExtensibilityGlobals) = postSolution
		SolutionGuid = {78264A93-7E95-4B29-ACCE-5EA30D7A01FC}
	EndGlobalSection
EndGlobal
